// !$*UTF8*$!
{
	archiveVersion = 1;
	classes = {
	};
	objectVersion = 77;
	objects = {

/* Begin PBXBuildFile section */
		D075971F2DB9C5120080919C /* FirebaseAuth in Frameworks */ = {isa = PBXBuildFile; productRef = D075971E2DB9C5120080919C /* FirebaseAuth */; };
		D07597212DB9C5120080919C /* FirebaseFirestore in Frameworks */ = {isa = PBXBuildFile; productRef = D07597202DB9C5120080919C /* FirebaseFirestore */; };
		D07597232DB9C5120080919C /* FirebaseStorage in Frameworks */ = {isa = PBXBuildFile; productRef = D07597222DB9C5120080919C /* FirebaseStorage */; };
/* End PBXBuildFile section */

/* Begin PBXContainerItemProxy section */
		D0C5B71A2D844E5800380137 /* PBXContainerItemProxy */ = {
			isa = PBXContainerItemProxy;
			containerPortal = D0C5B6FB2D844E5600380137 /* Project object */;
			proxyType = 1;
			remoteGlobalIDString = D0C5B7022D844E5600380137;
			remoteInfo = BloodConnect;
		};
		D0C5B7242D844E5800380137 /* PBXContainerItemProxy */ = {
			isa = PBXContainerItemProxy;
			containerPortal = D0C5B6FB2D844E5600380137 /* Project object */;
			proxyType = 1;
			remoteGlobalIDString = D0C5B7022D844E5600380137;
			remoteInfo = BloodConnect;
		};
/* End PBXContainerItemProxy section */

/* Begin PBXFileReference section */
		D0C5B7032D844E5600380137 /* BloodConnect.app */ = {isa = PBXFileReference; explicitFileType = wrapper.application; includeInIndex = 0; path = BloodConnect.app; sourceTree = BUILT_PRODUCTS_DIR; };
		D0C5B7192D844E5800380137 /* BloodConnectTests.xctest */ = {isa = PBXFileReference; explicitFileType = wrapper.cfbundle; includeInIndex = 0; path = BloodConnectTests.xctest; sourceTree = BUILT_PRODUCTS_DIR; };
		D0C5B7232D844E5800380137 /* BloodConnectUITests.xctest */ = {isa = PBXFileReference; explicitFileType = wrapper.cfbundle; includeInIndex = 0; path = BloodConnectUITests.xctest; sourceTree = BUILT_PRODUCTS_DIR; };
/* End PBXFileReference section */

/* Begin PBXFileSystemSynchronizedBuildFileExceptionSet section */
		D0C5B72B2D844E5800380137 /* Exceptions for "BloodConnect" folder in "BloodConnect" target */ = {
			isa = PBXFileSystemSynchronizedBuildFileExceptionSet;
			membershipExceptions = (
				Info.plist,
			);
			target = D0C5B7022D844E5600380137 /* BloodConnect */;
		};
/* End PBXFileSystemSynchronizedBuildFileExceptionSet section */

/* Begin PBXFileSystemSynchronizedRootGroup section */
		D0C5B7052D844E5600380137 /* BloodConnect */ = {
			isa = PBXFileSystemSynchronizedRootGroup;
			exceptions = (
				D0C5B72B2D844E5800380137 /* Exceptions for "BloodConnect" folder in "BloodConnect" target */,
			);
			path = BloodConnect;
			sourceTree = "<group>";
		};
		D0C5B71C2D844E5800380137 /* BloodConnectTests */ = {
			isa = PBXFileSystemSynchronizedRootGroup;
			path = BloodConnectTests;
			sourceTree = "<group>";
		};
		D0C5B7262D844E5800380137 /* BloodConnectUITests */ = {
			isa = PBXFileSystemSynchronizedRootGroup;
			path = BloodConnectUITests;
			sourceTree = "<group>";
		};
/* End PBXFileSystemSynchronizedRootGroup section */

/* Begin PBXFrameworksBuildPhase section */
		D0C5B7002D844E5600380137 /* Frameworks */ = {
			isa = PBXFrameworksBuildPhase;
			buildActionMask = 2147483647;
			files = (
				D075971F2DB9C5120080919C /* FirebaseAuth in Frameworks */,
				D07597212DB9C5120080919C /* FirebaseFirestore in Frameworks */,
				D07597232DB9C5120080919C /* FirebaseStorage in Frameworks */,
			);
			runOnlyForDeploymentPostprocessing = 0;
		};
		D0C5B7162D844E5800380137 /* Frameworks */ = {
			isa = PBXFrameworksBuildPhase;
			buildActionMask = 2147483647;
			files = (
			);
			runOnlyForDeploymentPostprocessing = 0;
		};
		D0C5B7202D844E5800380137 /* Frameworks */ = {
			isa = PBXFrameworksBuildPhase;
			buildActionMask = 2147483647;
			files = (
			);
			runOnlyForDeploymentPostprocessing = 0;
		};
/* End PBXFrameworksBuildPhase section */

/* Begin PBXGroup section */
		D0C5B6FA2D844E5600380137 = {
			isa = PBXGroup;
			children = (
				D0C5B7052D844E5600380137 /* BloodConnect */,
				D0C5B71C2D844E5800380137 /* BloodConnectTests */,
				D0C5B7262D844E5800380137 /* BloodConnectUITests */,
				D0C5B7042D844E5600380137 /* Products */,
			);
			sourceTree = "<group>";
		};
		D0C5B7042D844E5600380137 /* Products */ = {
			isa = PBXGroup;
			children = (
				D0C5B7032D844E5600380137 /* BloodConnect.app */,
				D0C5B7192D844E5800380137 /* BloodConnectTests.xctest */,
				D0C5B7232D844E5800380137 /* BloodConnectUITests.xctest */,
			);
			name = Products;
			sourceTree = "<group>";
		};
/* End PBXGroup section */

/* Begin PBXNativeTarget section */
		D0C5B7022D844E5600380137 /* BloodConnect */ = {
			isa = PBXNativeTarget;
			buildConfigurationList = D0C5B72C2D844E5800380137 /* Build configuration list for PBXNativeTarget "BloodConnect" */;
			buildPhases = (
				D0C5B6FF2D844E5600380137 /* Sources */,
				D0C5B7002D844E5600380137 /* Frameworks */,
				D0C5B7012D844E5600380137 /* Resources */,
			);
			buildRules = (
			);
			dependencies = (
			);
			fileSystemSynchronizedGroups = (
				D0C5B7052D844E5600380137 /* BloodConnect */,
			);
			name = BloodConnect;
			packageProductDependencies = (
				D075971E2DB9C5120080919C /* FirebaseAuth */,
				D07597202DB9C5120080919C /* FirebaseFirestore */,
				D07597222DB9C5120080919C /* FirebaseStorage */,
			);
			productName = BloodConnect;
			productReference = D0C5B7032D844E5600380137 /* BloodConnect.app */;
			productType = "com.apple.product-type.application";
		};
		D0C5B7182D844E5800380137 /* BloodConnectTests */ = {
			isa = PBXNativeTarget;
			buildConfigurationList = D0C5B7312D844E5800380137 /* Build configuration list for PBXNativeTarget "BloodConnectTests" */;
			buildPhases = (
				D0C5B7152D844E5800380137 /* Sources */,
				D0C5B7162D844E5800380137 /* Frameworks */,
				D0C5B7172D844E5800380137 /* Resources */,
			);
			buildRules = (
			);
			dependencies = (
				D0C5B71B2D844E5800380137 /* PBXTargetDependency */,
			);
			fileSystemSynchronizedGroups = (
				D0C5B71C2D844E5800380137 /* BloodConnectTests */,
			);
			name = BloodConnectTests;
			packageProductDependencies = (
			);
			productName = BloodConnectTests;
			productReference = D0C5B7192D844E5800380137 /* BloodConnectTests.xctest */;
			productType = "com.apple.product-type.bundle.unit-test";
		};
		D0C5B7222D844E5800380137 /* BloodConnectUITests */ = {
			isa = PBXNativeTarget;
			buildConfigurationList = D0C5B7342D844E5800380137 /* Build configuration list for PBXNativeTarget "BloodConnectUITests" */;
			buildPhases = (
				D0C5B71F2D844E5800380137 /* Sources */,
				D0C5B7202D844E5800380137 /* Frameworks */,
				D0C5B7212D844E5800380137 /* Resources */,
			);
			buildRules = (
			);
			dependencies = (
				D0C5B7252D844E5800380137 /* PBXTargetDependency */,
			);
			fileSystemSynchronizedGroups = (
				D0C5B7262D844E5800380137 /* BloodConnectUITests */,
			);
			name = BloodConnectUITests;
			packageProductDependencies = (
			);
			productName = BloodConnectUITests;
			productReference = D0C5B7232D844E5800380137 /* BloodConnectUITests.xctest */;
			productType = "com.apple.product-type.bundle.ui-testing";
		};
/* End PBXNativeTarget section */

/* Begin PBXProject section */
		D0C5B6FB2D844E5600380137 /* Project object */ = {
			isa = PBXProject;
			attributes = {
				BuildIndependentTargetsInParallel = 1;
				LastSwiftUpdateCheck = 1610;
				LastUpgradeCheck = 1610;
				TargetAttributes = {
					D0C5B7022D844E5600380137 = {
						CreatedOnToolsVersion = 16.1;
					};
					D0C5B7182D844E5800380137 = {
						CreatedOnToolsVersion = 16.1;
						TestTargetID = D0C5B7022D844E5600380137;
					};
					D0C5B7222D844E5800380137 = {
						CreatedOnToolsVersion = 16.1;
						TestTargetID = D0C5B7022D844E5600380137;
					};
				};
			};
			buildConfigurationList = D0C5B6FE2D844E5600380137 /* Build configuration list for PBXProject "BloodConnect" */;
			developmentRegion = en;
			hasScannedForEncodings = 0;
			knownRegions = (
				en,
				Base,
			);
			mainGroup = D0C5B6FA2D844E5600380137;
			minimizedProjectReferenceProxies = 1;
			packageReferences = (
				D075971D2DB9C5120080919C /* XCRemoteSwiftPackageReference "firebase-ios-sdk" */,
			);
			preferredProjectObjectVersion = 77;
			productRefGroup = D0C5B7042D844E5600380137 /* Products */;
			projectDirPath = "";
			projectRoot = "";
			targets = (
				D0C5B7022D844E5600380137 /* BloodConnect */,
				D0C5B7182D844E5800380137 /* BloodConnectTests */,
				D0C5B7222D844E5800380137 /* BloodConnectUITests */,
			);
		};
/* End PBXProject section */

/* Begin PBXResourcesBuildPhase section */
		D0C5B7012D844E5600380137 /* Resources */ = {
			isa = PBXResourcesBuildPhase;
			buildActionMask = 2147483647;
			files = (
			);
			runOnlyForDeploymentPostprocessing = 0;
		};
		D0C5B7172D844E5800380137 /* Resources */ = {
			isa = PBXResourcesBuildPhase;
			buildActionMask = 2147483647;
			files = (
			);
			runOnlyForDeploymentPostprocessing = 0;
		};
		D0C5B7212D844E5800380137 /* Resources */ = {
			isa = PBXResourcesBuildPhase;
			buildActionMask = 2147483647;
			files = (
			);
			runOnlyForDeploymentPostprocessing = 0;
		};
/* End PBXResourcesBuildPhase section */

/* Begin PBXSourcesBuildPhase section */
		D0C5B6FF2D844E5600380137 /* Sources */ = {
			isa = PBXSourcesBuildPhase;
			buildActionMask = 2147483647;
			files = (
			);
			runOnlyForDeploymentPostprocessing = 0;
		};
		D0C5B7152D844E5800380137 /* Sources */ = {
			isa = PBXSourcesBuildPhase;
			buildActionMask = 2147483647;
			files = (
			);
			runOnlyForDeploymentPostprocessing = 0;
		};
		D0C5B71F2D844E5800380137 /* Sources */ = {
			isa = PBXSourcesBuildPhase;
			buildActionMask = 2147483647;
			files = (
			);
			runOnlyForDeploymentPostprocessing = 0;
		};
/* End PBXSourcesBuildPhase section */

/* Begin PBXTargetDependency section */
		D0C5B71B2D844E5800380137 /* PBXTargetDependency */ = {
			isa = PBXTargetDependency;
			target = D0C5B7022D844E5600380137 /* BloodConnect */;
			targetProxy = D0C5B71A2D844E5800380137 /* PBXContainerItemProxy */;
		};
		D0C5B7252D844E5800380137 /* PBXTargetDependency */ = {
			isa = PBXTargetDependency;
			target = D0C5B7022D844E5600380137 /* BloodConnect */;
			targetProxy = D0C5B7242D844E5800380137 /* PBXContainerItemProxy */;
		};
/* End PBXTargetDependency section */

/* Begin XCBuildConfiguration section */
		D0C5B72D2D844E5800380137 /* Debug */ = {
			isa = XCBuildConfiguration;
			buildSettings = {
				ASSETCATALOG_COMPILER_APPICON_NAME = AppIcon;
				ASSETCATALOG_COMPILER_GLOBAL_ACCENT_COLOR_NAME = AccentColor;
				ASSETCATALOG_COMPILER_INCLUDE_ALL_APPICON_ASSETS = YES;
				CODE_SIGN_STYLE = Automatic;
				CURRENT_PROJECT_VERSION = 1;
				DEVELOPMENT_TEAM = WJ2XQX9J3D;
				GENERATE_INFOPLIST_FILE = YES;
				INFOPLIST_FILE = BloodConnect/Info.plist;
				INFOPLIST_KEY_UIApplicationSupportsIndirectInputEvents = YES;
				INFOPLIST_KEY_UILaunchStoryboardName = LaunchScreen.storyboard;
				INFOPLIST_KEY_UIMainStoryboardFile = Main;
				INFOPLIST_KEY_UISupportedInterfaceOrientations_iPad = "UIInterfaceOrientationPortrait UIInterfaceOrientationPortraitUpsideDown UIInterfaceOrientationLandscapeLeft UIInterfaceOrientationLandscapeRight";
				INFOPLIST_KEY_UISupportedInterfaceOrientations_iPhone = "UIInterfaceOrientationPortrait UIInterfaceOrientationLandscapeLeft UIInterfaceOrientationLandscapeRight";
				LD_RUNPATH_SEARCH_PATHS = (
					"$(inherited)",
					"@executable_path/Frameworks",
				);
				MARKETING_VERSION = 1.0;
				PRODUCT_BUNDLE_IDENTIFIER = test.BloodConnect;
				PRODUCT_NAME = "$(TARGET_NAME)";
				SWIFT_EMIT_LOC_STRINGS = YES;
				SWIFT_VERSION = 5.0;
				TARGETED_DEVICE_FAMILY = "1,2";
			};
			name = Debug;
		};
		D0C5B72E2D844E5800380137 /* Release */ = {
			isa = XCBuildConfiguration;
			buildSettings = {
				ASSETCATALOG_COMPILER_APPICON_NAME = AppIcon;
				ASSETCATALOG_COMPILER_GLOBAL_ACCENT_COLOR_NAME = AccentColor;
				ASSETCATALOG_COMPILER_INCLUDE_ALL_APPICON_ASSETS = YES;
				CODE_SIGN_STYLE = Automatic;
				CURRENT_PROJECT_VERSION = 1;
				DEVELOPMENT_TEAM = WJ2XQX9J3D;
				GENERATE_INFOPLIST_FILE = YES;
				INFOPLIST_FILE = BloodConnect/Info.plist;
				INFOPLIST_KEY_UIApplicationSupportsIndirectInputEvents = YES;
				INFOPLIST_KEY_UILaunchStoryboardName = LaunchScreen.storyboard;
				INFOPLIST_KEY_UIMainStoryboardFile = Main;
				INFOPLIST_KEY_UISupportedInterfaceOrientations_iPad = "UIInterfaceOrientationPortrait UIInterfaceOrientationPortraitUpsideDown UIInterfaceOrientationLandscapeLeft UIInterfaceOrientationLandscapeRight";
				INFOPLIST_KEY_UISupportedInterfaceOrientations_iPhone = "UIInterfaceOrientationPortrait UIInterfaceOrientationLandscapeLeft UIInterfaceOrientationLandscapeRight";
				LD_RUNPATH_SEARCH_PATHS = (
					"$(inherited)",
					"@executable_path/Frameworks",
				);
				MARKETING_VERSION = 1.0;
				PRODUCT_BUNDLE_IDENTIFIER = test.BloodConnect;
				PRODUCT_NAME = "$(TARGET_NAME)";
				SWIFT_EMIT_LOC_STRINGS = YES;
				SWIFT_VERSION = 5.0;
				TARGETED_DEVICE_FAMILY = "1,2";
			};
			name = Release;
		};
		D0C5B72F2D844E5800380137 /* Debug */ = {
			isa = XCBuildConfiguration;
			buildSettings = {
				ALWAYS_SEARCH_USER_PATHS = NO;
				ASSETCATALOG_COMPILER_GENERATE_SWIFT_ASSET_SYMBOL_EXTENSIONS = YES;
				CLANG_ANALYZER_NONNULL = YES;
				CLANG_ANALYZER_NUMBER_OBJECT_CONVERSION = YES_AGGRESSIVE;
				CLANG_CXX_LANGUAGE_STANDARD = "gnu++20";
				CLANG_ENABLE_MODULES = YES;
				CLANG_ENABLE_OBJC_ARC = YES;
				CLANG_ENABLE_OBJC_WEAK = YES;
				CLANG_WARN_BLOCK_CAPTURE_AUTORELEASING = YES;
				CLANG_WARN_BOOL_CONVERSION = YES;
				CLANG_WARN_COMMA = YES;
				CLANG_WARN_CONSTANT_CONVERSION = YES;
				CLANG_WARN_DEPRECATED_OBJC_IMPLEMENTATIONS = YES;
				CLANG_WARN_DIRECT_OBJC_ISA_USAGE = YES_ERROR;
				CLANG_WARN_DOCUMENTATION_COMMENTS = YES;
				CLANG_WARN_EMPTY_BODY = YES;
				CLANG_WARN_ENUM_CONVERSION = YES;
				CLANG_WARN_INFINITE_RECURSION = YES;
				CLANG_WARN_INT_CONVERSION = YES;
				CLANG_WARN_NON_LITERAL_NULL_CONVERSION = YES;
				CLANG_WARN_OBJC_IMPLICIT_RETAIN_SELF = YES;
				CLANG_WARN_OBJC_LITERAL_CONVERSION = YES;
				CLANG_WARN_OBJC_ROOT_CLASS = YES_ERROR;
				CLANG_WARN_QUOTED_INCLUDE_IN_FRAMEWORK_HEADER = YES;
				CLANG_WARN_RANGE_LOOP_ANALYSIS = YES;
				CLANG_WARN_STRICT_PROTOTYPES = YES;
				CLANG_WARN_SUSPICIOUS_MOVE = YES;
				CLANG_WARN_UNGUARDED_AVAILABILITY = YES_AGGRESSIVE;
				CLANG_WARN_UNREACHABLE_CODE = YES;
				CLANG_WARN__DUPLICATE_METHOD_MATCH = YES;
				COPY_PHASE_STRIP = NO;
				DEBUG_INFORMATION_FORMAT = dwarf;
				ENABLE_STRICT_OBJC_MSGSEND = YES;
				ENABLE_TESTABILITY = YES;
				ENABLE_USER_SCRIPT_SANDBOXING = YES;
				GCC_C_LANGUAGE_STANDARD = gnu17;
				GCC_DYNAMIC_NO_PIC = NO;
				GCC_NO_COMMON_BLOCKS = YES;
				GCC_OPTIMIZATION_LEVEL = 0;
				GCC_PREPROCESSOR_DEFINITIONS = (
					"DEBUG=1",
					"$(inherited)",
				);
				GCC_WARN_64_TO_32_BIT_CONVERSION = YES;
				GCC_WARN_ABOUT_RETURN_TYPE = YES_ERROR;
				GCC_WARN_UNDECLARED_SELECTOR = YES;
				GCC_WARN_UNINITIALIZED_AUTOS = YES_AGGRESSIVE;
				GCC_WARN_UNUSED_FUNCTION = YES;
				GCC_WARN_UNUSED_VARIABLE = YES;
				IPHONEOS_DEPLOYMENT_TARGET = 18.1;
				LOCALIZATION_PREFERS_STRING_CATALOGS = YES;
				MTL_ENABLE_DEBUG_INFO = INCLUDE_SOURCE;
				MTL_FAST_MATH = YES;
				ONLY_ACTIVE_ARCH = YES;
				SDKROOT = iphoneos;
				SWIFT_ACTIVE_COMPILATION_CONDITIONS = "DEBUG $(inherited)";
				SWIFT_OPTIMIZATION_LEVEL = "-Onone";
			};
			name = Debug;
		};
		D0C5B7302D844E5800380137 /* Release */ = {
			isa = XCBuildConfiguration;
			buildSettings = {
				ALWAYS_SEARCH_USER_PATHS = NO;
				ASSETCATALOG_COMPILER_GENERATE_SWIFT_ASSET_SYMBOL_EXTENSIONS = YES;
				CLANG_ANALYZER_NONNULL = YES;
				CLANG_ANALYZER_NUMBER_OBJECT_CONVERSION = YES_AGGRESSIVE;
				CLANG_CXX_LANGUAGE_STANDARD = "gnu++20";
				CLANG_ENABLE_MODULES = YES;
				CLANG_ENABLE_OBJC_ARC = YES;
				CLANG_ENABLE_OBJC_WEAK = YES;
				CLANG_WARN_BLOCK_CAPTURE_AUTORELEASING = YES;
				CLANG_WARN_BOOL_CONVERSION = YES;
				CLANG_WARN_COMMA = YES;
				CLANG_WARN_CONSTANT_CONVERSION = YES;
				CLANG_WARN_DEPRECATED_OBJC_IMPLEMENTATIONS = YES;
				CLANG_WARN_DIRECT_OBJC_ISA_USAGE = YES_ERROR;
				CLANG_WARN_DOCUMENTATION_COMMENTS = YES;
				CLANG_WARN_EMPTY_BODY = YES;
				CLANG_WARN_ENUM_CONVERSION = YES;
				CLANG_WARN_INFINITE_RECURSION = YES;
				CLANG_WARN_INT_CONVERSION = YES;
				CLANG_WARN_NON_LITERAL_NULL_CONVERSION = YES;
				CLANG_WARN_OBJC_IMPLICIT_RETAIN_SELF = YES;
				CLANG_WARN_OBJC_LITERAL_CONVERSION = YES;
				CLANG_WARN_OBJC_ROOT_CLASS = YES_ERROR;
				CLANG_WARN_QUOTED_INCLUDE_IN_FRAMEWORK_HEADER = YES;
				CLANG_WARN_RANGE_LOOP_ANALYSIS = YES;
				CLANG_WARN_STRICT_PROTOTYPES = YES;
				CLANG_WARN_SUSPICIOUS_MOVE = YES;
				CLANG_WARN_UNGUARDED_AVAILABILITY = YES_AGGRESSIVE;
				CLANG_WARN_UNREACHABLE_CODE = YES;
				CLANG_WARN__DUPLICATE_METHOD_MATCH = YES;
				COPY_PHASE_STRIP = NO;
				DEBUG_INFORMATION_FORMAT = "dwarf-with-dsym";
				ENABLE_NS_ASSERTIONS = NO;
				ENABLE_STRICT_OBJC_MSGSEND = YES;
				ENABLE_USER_SCRIPT_SANDBOXING = YES;
				GCC_C_LANGUAGE_STANDARD = gnu17;
				GCC_NO_COMMON_BLOCKS = YES;
				GCC_WARN_64_TO_32_BIT_CONVERSION = YES;
				GCC_WARN_ABOUT_RETURN_TYPE = YES_ERROR;
				GCC_WARN_UNDECLARED_SELECTOR = YES;
				GCC_WARN_UNINITIALIZED_AUTOS = YES_AGGRESSIVE;
				GCC_WARN_UNUSED_FUNCTION = YES;
				GCC_WARN_UNUSED_VARIABLE = YES;
				IPHONEOS_DEPLOYMENT_TARGET = 18.1;
				LOCALIZATION_PREFERS_STRING_CATALOGS = YES;
				MTL_ENABLE_DEBUG_INFO = NO;
				MTL_FAST_MATH = YES;
				SDKROOT = iphoneos;
				SWIFT_COMPILATION_MODE = wholemodule;
				VALIDATE_PRODUCT = YES;
			};
			name = Release;
		};
		D0C5B7322D844E5800380137 /* Debug */ = {
			isa = XCBuildConfiguration;
			buildSettings = {
				BUNDLE_LOADER = "$(TEST_HOST)";
				CODE_SIGN_STYLE = Automatic;
				CURRENT_PROJECT_VERSION = 1;
				DEVELOPMENT_TEAM = WJ2XQX9J3D;
				GENERATE_INFOPLIST_FILE = YES;
				IPHONEOS_DEPLOYMENT_TARGET = 18.1;
				MARKETING_VERSION = 1.0;
				PRODUCT_BUNDLE_IDENTIFIER = test.BloodConnectTests;
				PRODUCT_NAME = "$(TARGET_NAME)";
				SWIFT_EMIT_LOC_STRINGS = NO;
				SWIFT_VERSION = 5.0;
				TARGETED_DEVICE_FAMILY = "1,2";
				TEST_HOST = "$(BUILT_PRODUCTS_DIR)/BloodConnect.app/$(BUNDLE_EXECUTABLE_FOLDER_PATH)/BloodConnect";
			};
			name = Debug;
		};
		D0C5B7332D844E5800380137 /* Release */ = {
			isa = XCBuildConfiguration;
			buildSettings = {
				BUNDLE_LOADER = "$(TEST_HOST)";
				CODE_SIGN_STYLE = Automatic;
				CURRENT_PROJECT_VERSION = 1;
				DEVELOPMENT_TEAM = WJ2XQX9J3D;
				GENERATE_INFOPLIST_FILE = YES;
				IPHONEOS_DEPLOYMENT_TARGET = 18.1;
				MARKETING_VERSION = 1.0;
				PRODUCT_BUNDLE_IDENTIFIER = test.BloodConnectTests;
				PRODUCT_NAME = "$(TARGET_NAME)";
				SWIFT_EMIT_LOC_STRINGS = NO;
				SWIFT_VERSION = 5.0;
				TARGETED_DEVICE_FAMILY = "1,2";
				TEST_HOST = "$(BUILT_PRODUCTS_DIR)/BloodConnect.app/$(BUNDLE_EXECUTABLE_FOLDER_PATH)/BloodConnect";
			};
			name = Release;
		};
		D0C5B7352D844E5800380137 /* Debug */ = {
			isa = XCBuildConfiguration;
			buildSettings = {
				CODE_SIGN_STYLE = Automatic;
				CURRENT_PROJECT_VERSION = 1;
				DEVELOPMENT_TEAM = WJ2XQX9J3D;
				GENERATE_INFOPLIST_FILE = YES;
				MARKETING_VERSION = 1.0;
				PRODUCT_BUNDLE_IDENTIFIER = test.BloodConnectUITests;
				PRODUCT_NAME = "$(TARGET_NAME)";
				SWIFT_EMIT_LOC_STRINGS = NO;
				SWIFT_VERSION = 5.0;
				TARGETED_DEVICE_FAMILY = "1,2";
				TEST_TARGET_NAME = BloodConnect;
			};
			name = Debug;
		};
		D0C5B7362D844E5800380137 /* Release */ = {
			isa = XCBuildConfiguration;
			buildSettings = {
				CODE_SIGN_STYLE = Automatic;
				CURRENT_PROJECT_VERSION = 1;
				DEVELOPMENT_TEAM = WJ2XQX9J3D;
				GENERATE_INFOPLIST_FILE = YES;
				MARKETING_VERSION = 1.0;
				PRODUCT_BUNDLE_IDENTIFIER = test.BloodConnectUITests;
				PRODUCT_NAME = "$(TARGET_NAME)";
				SWIFT_EMIT_LOC_STRINGS = NO;
				SWIFT_VERSION = 5.0;
				TARGETED_DEVICE_FAMILY = "1,2";
				TEST_TARGET_NAME = BloodConnect;
			};
			name = Release;
		};
/* End XCBuildConfiguration section */

/* Begin XCConfigurationList section */
		D0C5B6FE2D844E5600380137 /* Build configuration list for PBXProject "BloodConnect" */ = {
			isa = XCConfigurationList;
			buildConfigurations = (
				D0C5B72F2D844E5800380137 /* Debug */,
				D0C5B7302D844E5800380137 /* Release */,
			);
			defaultConfigurationIsVisible = 0;
			defaultConfigurationName = Release;
		};
		D0C5B72C2D844E5800380137 /* Build configuration list for PBXNativeTarget "BloodConnect" */ = {
			isa = XCConfigurationList;
			buildConfigurations = (
				D0C5B72D2D844E5800380137 /* Debug */,
				D0C5B72E2D844E5800380137 /* Release */,
			);
			defaultConfigurationIsVisible = 0;
			defaultConfigurationName = Release;
		};
		D0C5B7312D844E5800380137 /* Build configuration list for PBXNativeTarget "BloodConnectTests" */ = {
			isa = XCConfigurationList;
			buildConfigurations = (
				D0C5B7322D844E5800380137 /* Debug */,
				D0C5B7332D844E5800380137 /* Release */,
			);
			defaultConfigurationIsVisible = 0;
			defaultConfigurationName = Release;
		};
		D0C5B7342D844E5800380137 /* Build configuration list for PBXNativeTarget "BloodConnectUITests" */ = {
			isa = XCConfigurationList;
			buildConfigurations = (
				D0C5B7352D844E5800380137 /* Debug */,
				D0C5B7362D844E5800380137 /* Release */,
			);
			defaultConfigurationIsVisible = 0;
			defaultConfigurationName = Release;
		};
/* End XCConfigurationList section */

/* Begin XCRemoteSwiftPackageReference section */
		D075971D2DB9C5120080919C /* XCRemoteSwiftPackageReference "firebase-ios-sdk" */ = {
			isa = XCRemoteSwiftPackageReference;
			repositoryURL = "https://github.com/firebase/firebase-ios-sdk.git";
			requirement = {
				kind = upToNextMajorVersion;
				minimumVersion = 11.12.0;
			};
		};
/* End XCRemoteSwiftPackageReference section */

/* Begin XCSwiftPackageProductDependency section */
		D075971E2DB9C5120080919C /* FirebaseAuth */ = {
			isa = XCSwiftPackageProductDependency;
			package = D075971D2DB9C5120080919C /* XCRemoteSwiftPackageReference "firebase-ios-sdk" */;
			productName = FirebaseAuth;
		};
		D07597202DB9C5120080919C /* FirebaseFirestore */ = {
			isa = XCSwiftPackageProductDependency;
			package = D075971D2DB9C5120080919C /* XCRemoteSwiftPackageReference "firebase-ios-sdk" */;
			productName = FirebaseFirestore;
		};
		D07597222DB9C5120080919C /* FirebaseStorage */ = {
			isa = XCSwiftPackageProductDependency;
			package = D075971D2DB9C5120080919C /* XCRemoteSwiftPackageReference "firebase-ios-sdk" */;
			productName = FirebaseStorage;
		};
/* End XCSwiftPackageProductDependency section */
	};
	rootObject = D0C5B6FB2D844E5600380137 /* Project object */;
}
